
Microsoft Visual Studio Solution File, Format Version 12.00
# Visual Studio Version 16
VisualStudioVersion = 16.0.31402.337
MinimumVisualStudioVersion = 10.0.40219.1
Project("{FAE04EC0-301F-11D3-BF4B-00C04F79EFBC}") = "TaskWithReturnResult", "TaskWithReturnResult\TaskWithReturnResult.csproj", "{BDDFA53B-029E-4B35-946C-C64DCCCA8AAE}"
EndProject
Global
	GlobalSection(SolutionConfigurationPlatforms) = preSolution
		Debug|Any CPU = Debug|Any CPU
		Release|Any CPU = Release|Any CPU
	EndGlobalSection
	GlobalSection(ProjectConfigurationPlatforms) = postSolution
		{BDDFA53B-029E-4B35-946C-C64DCCCA8AAE}.Debug|Any CPU.ActiveCfg = Debug|Any CPU
		{BDDFA53B-029E-4B35-946C-C64DCCCA8AAE}.Debug|Any CPU.Build.0 = Debug|Any CPU
		{BDDFA53B-029E-4B35-946C-C64DCCCA8AAE}.Release|Any CPU.ActiveCfg = Release|Any CPU
		{BDDFA53B-029E-4B35-946C-C64DCCCA8AAE}.Release|Any CPU.Build.0 = Release|Any CPU
	EndGlobalSection
	GlobalSection(SolutionProperties) = preSolution
		HideSolutionNode = FALSE
	EndGlobalSection
	GlobalSection(ExtensibilityGlobals) = postSolution
		SolutionGuid = {4E44FA4B-1989-4686-82B2-2A21434A3380}
	EndGlobalSection
EndGlobal
